
Microsoft Visual Studio Solution File, Format Version 11.00
# Visual Studio 2010
Project("{FAE04EC0-301F-11D3-BF4B-00C04F79EFBC}") = "Assembly-CSharp", "Assembly-CSharp.csproj", "{b282a808-780a-0412-0165-eb355860a213}"
EndProject
Project("{FAE04EC0-301F-11D3-BF4B-00C04F79EFBC}") = "Assembly-CSharp-firstpass", "Assembly-CSharp-firstpass.csproj", "{b8bd6f82-70be-17d5-948d-66810ce05762}"
EndProject
Global
	GlobalSection(SolutionConfigurationPlatforms) = preSolution
		Debug|Any CPU = Debug|Any CPU
	EndGlobalSection
	GlobalSection(ProjectConfigurationPlatforms) = postSolution
		{b282a808-780a-0412-0165-eb355860a213}.Debug|Any CPU.ActiveCfg = Debug|Any CPU
		{b282a808-780a-0412-0165-eb355860a213}.Debug|Any CPU.Build.0 = Debug|Any CPU
		{b8bd6f82-70be-17d5-948d-66810ce05762}.Debug|Any CPU.ActiveCfg = Debug|Any CPU
		{b8bd6f82-70be-17d5-948d-66810ce05762}.Debug|Any CPU.Build.0 = Debug|Any CPU
	EndGlobalSection
	GlobalSection(SolutionProperties) = preSolution
		HideSolutionNode = FALSE
	EndGlobalSection
EndGlobal
